
Microsoft Visual Studio Solution File, Format Version 12.00
# Visual Studio Version 17
VisualStudioVersion = 17.13.35825.156 d17.13
MinimumVisualStudioVersion = 10.0.40219.1
Project("{FAE04EC0-301F-11D3-BF4B-00C04F79EFBC}") = "AT2-WFCadastros", "AT2-WFCadastros\AT2-WFCadastros.csproj", "{0987E753-E1C1-4257-8628-9468BEACA172}"
EndProject
Project("{FAE04EC0-301F-11D3-BF4B-00C04F79EFBC}") = "AT2-WFCadastroPessoa", "AT2-WFCadastroPessoa\AT2-WFCadastroPessoa.csproj", "{4729BD85-DEB4-4D2B-B2B0-C9E746241CDC}"
EndProject
Global
	GlobalSection(SolutionConfigurationPlatforms) = preSolution
		Debug|Any CPU = Debug|Any CPU
		Release|Any CPU = Release|Any CPU
	EndGlobalSection
	GlobalSection(ProjectConfigurationPlatforms) = postSolution
		{0987E753-E1C1-4257-8628-9468BEACA172}.Debug|Any CPU.ActiveCfg = Debug|Any CPU
		{0987E753-E1C1-4257-8628-9468BEACA172}.Debug|Any CPU.Build.0 = Debug|Any CPU
		{0987E753-E1C1-4257-8628-9468BEACA172}.Release|Any CPU.ActiveCfg = Release|Any CPU
		{0987E753-E1C1-4257-8628-9468BEACA172}.Release|Any CPU.Build.0 = Release|Any CPU
		{4729BD85-DEB4-4D2B-B2B0-C9E746241CDC}.Debug|Any CPU.ActiveCfg = Debug|Any CPU
		{4729BD85-DEB4-4D2B-B2B0-C9E746241CDC}.Debug|Any CPU.Build.0 = Debug|Any CPU
		{4729BD85-DEB4-4D2B-B2B0-C9E746241CDC}.Release|Any CPU.ActiveCfg = Release|Any CPU
		{4729BD85-DEB4-4D2B-B2B0-C9E746241CDC}.Release|Any CPU.Build.0 = Release|Any CPU
	EndGlobalSection
	GlobalSection(SolutionProperties) = preSolution
		HideSolutionNode = FALSE
	EndGlobalSection
	GlobalSection(ExtensibilityGlobals) = postSolution
		SolutionGuid = {0D592328-825D-475E-817D-1416A6A325A9}
	EndGlobalSection
EndGlobal
